
Microsoft Visual Studio Solution File, Format Version 12.00
# Visual Studio Version 17
VisualStudioVersion = 17.3.32825.248
MinimumVisualStudioVersion = 10.0.40219.1
Project("{FAE04EC0-301F-11D3-BF4B-00C04F79EFBC}") = "OOP_2Lab", "OOP_2Lab\OOP_2Lab.csproj", "{CB9B654C-73D8-473B-B32F-C3EDF7CC7F73}"
EndProject
Global
	GlobalSection(SolutionConfigurationPlatforms) = preSolution
		Debug|Any CPU = Debug|Any CPU
		Release|Any CPU = Release|Any CPU
	EndGlobalSection
	GlobalSection(ProjectConfigurationPlatforms) = postSolution
		{CB9B654C-73D8-473B-B32F-C3EDF7CC7F73}.Debug|Any CPU.ActiveCfg = Debug|Any CPU
		{CB9B654C-73D8-473B-B32F-C3EDF7CC7F73}.Debug|Any CPU.Build.0 = Debug|Any CPU
		{CB9B654C-73D8-473B-B32F-C3EDF7CC7F73}.Release|Any CPU.ActiveCfg = Release|Any CPU
		{CB9B654C-73D8-473B-B32F-C3EDF7CC7F73}.Release|Any CPU.Build.0 = Release|Any CPU
	EndGlobalSection
	GlobalSection(SolutionProperties) = preSolution
		HideSolutionNode = FALSE
	EndGlobalSection
	GlobalSection(ExtensibilityGlobals) = postSolution
		SolutionGuid = {A6F959F4-FC4C-4CEF-9B47-695987476689}
	EndGlobalSection
EndGlobal
