
Microsoft Visual Studio Solution File, Format Version 12.00
# Visual Studio Version 17
VisualStudioVersion = 17.3.32825.248
MinimumVisualStudioVersion = 10.0.40219.1
Project("{FAE04EC0-301F-11D3-BF4B-00C04F79EFBC}") = "OOP_4Lab", "OOP_4Lab\OOP_4Lab.csproj", "{37BEA745-B641-4A5E-A206-E7586FCA5C25}"
EndProject
Global
	GlobalSection(SolutionConfigurationPlatforms) = preSolution
		Debug|Any CPU = Debug|Any CPU
		Release|Any CPU = Release|Any CPU
	EndGlobalSection
	GlobalSection(ProjectConfigurationPlatforms) = postSolution
		{37BEA745-B641-4A5E-A206-E7586FCA5C25}.Debug|Any CPU.ActiveCfg = Debug|Any CPU
		{37BEA745-B641-4A5E-A206-E7586FCA5C25}.Debug|Any CPU.Build.0 = Debug|Any CPU
		{37BEA745-B641-4A5E-A206-E7586FCA5C25}.Release|Any CPU.ActiveCfg = Release|Any CPU
		{37BEA745-B641-4A5E-A206-E7586FCA5C25}.Release|Any CPU.Build.0 = Release|Any CPU
	EndGlobalSection
	GlobalSection(SolutionProperties) = preSolution
		HideSolutionNode = FALSE
	EndGlobalSection
	GlobalSection(ExtensibilityGlobals) = postSolution
		SolutionGuid = {6347BB0E-D7FC-41F2-8C1E-3E942965E939}
	EndGlobalSection
EndGlobal
