
Microsoft Visual Studio Solution File, Format Version 12.00
# Visual Studio Version 17
VisualStudioVersion = 17.3.32825.248
MinimumVisualStudioVersion = 10.0.40219.1
Project("{FAE04EC0-301F-11D3-BF4B-00C04F79EFBC}") = "OOP_Lab3", "OOP_Lab3\OOP_Lab3.csproj", "{1AE476C9-6418-49AB-AF51-758A58CF1ECE}"
EndProject
Global
	GlobalSection(SolutionConfigurationPlatforms) = preSolution
		Debug|Any CPU = Debug|Any CPU
		Release|Any CPU = Release|Any CPU
	EndGlobalSection
	GlobalSection(ProjectConfigurationPlatforms) = postSolution
		{1AE476C9-6418-49AB-AF51-758A58CF1ECE}.Debug|Any CPU.ActiveCfg = Debug|Any CPU
		{1AE476C9-6418-49AB-AF51-758A58CF1ECE}.Debug|Any CPU.Build.0 = Debug|Any CPU
		{1AE476C9-6418-49AB-AF51-758A58CF1ECE}.Release|Any CPU.ActiveCfg = Release|Any CPU
		{1AE476C9-6418-49AB-AF51-758A58CF1ECE}.Release|Any CPU.Build.0 = Release|Any CPU
	EndGlobalSection
	GlobalSection(SolutionProperties) = preSolution
		HideSolutionNode = FALSE
	EndGlobalSection
	GlobalSection(ExtensibilityGlobals) = postSolution
		SolutionGuid = {2E498C9F-4777-467A-86EE-0BA054D140DA}
	EndGlobalSection
EndGlobal
