
Microsoft Visual Studio Solution File, Format Version 12.00
# Visual Studio Version 17
VisualStudioVersion = 17.3.32825.248
MinimumVisualStudioVersion = 10.0.40219.1
Project("{FAE04EC0-301F-11D3-BF4B-00C04F79EFBC}") = "OOP_Lab9", "OOP_Lab9\OOP_Lab9.csproj", "{FDDE29A2-289C-4C8B-AF33-FB463FCF4DD5}"
EndProject
Global
	GlobalSection(SolutionConfigurationPlatforms) = preSolution
		Debug|Any CPU = Debug|Any CPU
		Release|Any CPU = Release|Any CPU
	EndGlobalSection
	GlobalSection(ProjectConfigurationPlatforms) = postSolution
		{FDDE29A2-289C-4C8B-AF33-FB463FCF4DD5}.Debug|Any CPU.ActiveCfg = Debug|Any CPU
		{FDDE29A2-289C-4C8B-AF33-FB463FCF4DD5}.Debug|Any CPU.Build.0 = Debug|Any CPU
		{FDDE29A2-289C-4C8B-AF33-FB463FCF4DD5}.Release|Any CPU.ActiveCfg = Release|Any CPU
		{FDDE29A2-289C-4C8B-AF33-FB463FCF4DD5}.Release|Any CPU.Build.0 = Release|Any CPU
	EndGlobalSection
	GlobalSection(SolutionProperties) = preSolution
		HideSolutionNode = FALSE
	EndGlobalSection
	GlobalSection(ExtensibilityGlobals) = postSolution
		SolutionGuid = {75DDBC13-1B5B-40FE-BE88-8D382CAB4879}
	EndGlobalSection
EndGlobal
